
Microsoft Visual Studio Solution File, Format Version 12.00
# Visual Studio Version 17
VisualStudioVersion = 17.8.34511.84
MinimumVisualStudioVersion = 10.0.40219.1
Project("{FAE04EC0-301F-11D3-BF4B-00C04F79EFBC}") = "skyline_project", "skyline_project.csproj", "{6DB5523E-8696-4BBB-8F7C-DE99FF220B8B}"
EndProject
Global
	GlobalSection(SolutionConfigurationPlatforms) = preSolution
		Debug|Any CPU = Debug|Any CPU
		Release|Any CPU = Release|Any CPU
	EndGlobalSection
	GlobalSection(ProjectConfigurationPlatforms) = postSolution
		{6DB5523E-8696-4BBB-8F7C-DE99FF220B8B}.Debug|Any CPU.ActiveCfg = Debug|Any CPU
		{6DB5523E-8696-4BBB-8F7C-DE99FF220B8B}.Debug|Any CPU.Build.0 = Debug|Any CPU
		{6DB5523E-8696-4BBB-8F7C-DE99FF220B8B}.Release|Any CPU.ActiveCfg = Release|Any CPU
		{6DB5523E-8696-4BBB-8F7C-DE99FF220B8B}.Release|Any CPU.Build.0 = Release|Any CPU
	EndGlobalSection
	GlobalSection(SolutionProperties) = preSolution
		HideSolutionNode = FALSE
	EndGlobalSection
	GlobalSection(ExtensibilityGlobals) = postSolution
		SolutionGuid = {CB042E79-F892-41B7-852C-FF375B8E6979}
	EndGlobalSection
EndGlobal
